{
  "version": 4,
  "terraform_version": "1.5.7",
  "serial": 12,
  "lineage": "873809cc-ff24-196d-7e3c-39ce164816f2",
  "outputs": {},
  "resources": [
    {
      "mode": "managed",
      "type": "portkey_workspace",
      "name": "dev",
      "provider": "provider[\"registry.terraform.io/portkey-ai/portkey\"]",
      "instances": [
        {
          "schema_version": 0,
          "attributes": {
            "created_at": "2025-10-15T21:30:06Z",
            "description": "For development and testing",
            "id": "ws-develo-4b5886",
            "name": "Development Workspace",
            "updated_at": "0001-01-01T00:00:00Z"
          },
          "sensitive_attributes": []
        }
      ]
    },
    {
      "mode": "managed",
      "type": "portkey_workspace",
      "name": "prod",
      "provider": "provider[\"registry.terraform.io/portkey-ai/portkey\"]",
      "instances": [
        {
          "schema_version": 0,
          "attributes": {
            "created_at": "2025-10-15T21:30:06Z",
            "description": "For production environment",
            "id": "ws-produc-7d73bf",
            "name": "Production Workspace",
            "updated_at": "0001-01-01T00:00:00Z"
          },
          "sensitive_attributes": []
        }
      ]
    },
    {
      "mode": "managed",
      "type": "portkey_workspace",
      "name": "staging",
      "provider": "provider[\"registry.terraform.io/portkey-ai/portkey\"]",
      "instances": [
        {
          "schema_version": 0,
          "attributes": {
            "created_at": "2025-10-15T21:30:06Z",
            "description": "For staging environment",
            "id": "ws-stagin-9fca83",
            "name": "Staging Workspace",
            "updated_at": "0001-01-01T00:00:00Z"
          },
          "sensitive_attributes": []
        }
      ]
    }
  ],
  "check_results": null
}
